<?xml version="1.0" encoding="utf-8"?>
<Project ToolsVersion="4.0" xmlns="http://schemas.microsoft.com/developer/msbuild/2003">
  <ItemGroup>
    <Filter Include="Source Files">
      <UniqueIdentifier>{4FC737F1-C7A5-4376-A066-2A32D752A2FF}</UniqueIdentifier>
      <Extensions>cpp;c;cc;cxx;def;odl;idl;hpj;bat;asm;asmx</Extensions>
    </Filter>
    <Filter Include="Header Files">
      <UniqueIdentifier>{93995380-89BD-4b04-88EB-625FBE52EBFB}</UniqueIdentifier>
      <Extensions>h;hpp;hxx;hm;inl;inc;xsd</Extensions>
    </Filter>
    <Filter Include="Scene2D">
      <UniqueIdentifier>{b14acc68-bc9f-49cb-b38b-6256ed503a86}</UniqueIdentifier>
    </Filter>
    <Filter Include="SoundController">
      <UniqueIdentifier>{aa23326f-4394-48d3-8a6f-600f92a0d033}</UniqueIdentifier>
    </Filter>
    <Filter Include="GameStateManagement">
      <UniqueIdentifier>{a78b858c-2507-4982-bdd9-a414ac76f3f0}</UniqueIdentifier>
    </Filter>
  </ItemGroup>
  <ItemGroup>
    <ClCompile Include="Source\Application.cpp">
      <Filter>Source Files</Filter>
    </ClCompile>
    <ClCompile Include="Source\main.cpp">
      <Filter>Source Files</Filter>
    </ClCompile>
    <ClCompile Include="Source\Scene2D\Map2D.cpp">
      <Filter>Scene2D</Filter>
    </ClCompile>
    <ClCompile Include="Source\Scene2D\Player2D.cpp">
      <Filter>Scene2D</Filter>
    </ClCompile>
    <ClCompile Include="Source\Scene2D\GUI_Scene2D.cpp">
      <Filter>Scene2D</Filter>
    </ClCompile>
    <ClCompile Include="Source\Scene2D\InventoryItem.cpp">
      <Filter>Scene2D</Filter>
    </ClCompile>
    <ClCompile Include="Source\Scene2D\InventoryManager.cpp">
      <Filter>Scene2D</Filter>
    </ClCompile>
    <ClCompile Include="Source\Scene2D\Physics2D.cpp">
      <Filter>Scene2D</Filter>
    </ClCompile>
    <ClCompile Include="Source\Scene2D\GameManager.cpp">
      <Filter>Scene2D</Filter>
    </ClCompile>
    <ClCompile Include="Source\SoundController\SoundController.cpp">
      <Filter>SoundController</Filter>
    </ClCompile>
    <ClCompile Include="Source\SoundController\SoundInfo.cpp">
      <Filter>SoundController</Filter>
    </ClCompile>
    <ClCompile Include="Source\Scene2D\Enemy2D.cpp">
      <Filter>Scene2D</Filter>
    </ClCompile>
    <ClCompile Include="Source\Scene2D\Monster2D.cpp">
      <Filter>Scene2D</Filter>
    </ClCompile>
    <ClCompile Include="Source\Scene2D\BackgroundEntity.cpp">
      <Filter>Scene2D</Filter>
    </ClCompile>
    <ClCompile Include="Source\GameStateManagement\GameStateManager.cpp">
      <Filter>GameStateManagement</Filter>
    </ClCompile>
    <ClCompile Include="Source\GameStateManagement\IntroState.cpp">
      <Filter>GameStateManagement</Filter>
    </ClCompile>
    <ClCompile Include="Source\GameStateManagement\MenuState.cpp">
      <Filter>GameStateManagement</Filter>
    </ClCompile>
    <ClCompile Include="Source\GameStateManagement\PlayGameState.cpp">
      <Filter>GameStateManagement</Filter>
    </ClCompile>
    <ClCompile Include="Source\Scene2D\Scene2D.cpp">
      <Filter>Scene2D</Filter>
    </ClCompile>
    <ClCompile Include="Source\GameStateManagement\ControlState.cpp">
      <Filter>GameStateManagement</Filter>
    </ClCompile>
    <ClCompile Include="Source\GameStateManagement\AboutState.cpp">
      <Filter>GameStateManagement</Filter>
    </ClCompile>
    <ClCompile Include="Source\GameStateManagement\VictoryState.cpp">
      <Filter>GameStateManagement</Filter>
    </ClCompile>
    <ClCompile Include="Source\Scene2D\Enemy3.cpp">
      <Filter>Scene2D</Filter>
    </ClCompile>
    <ClCompile Include="Source\GameStateManagement\GameOverState.cpp">
      <Filter>GameStateManagement</Filter>
    </ClCompile>
  </ItemGroup>
  <ItemGroup>
    <ClInclude Include="Source\Application.h">
      <Filter>Header Files</Filter>
    </ClInclude>
    <ClInclude Include="Source\Scene2D\Scene2D.h">
      <Filter>Scene2D</Filter>
    </ClInclude>
    <ClInclude Include="Source\Scene2D\Map2D.h">
      <Filter>Scene2D</Filter>
    </ClInclude>
    <ClInclude Include="Source\Scene2D\Player2D.h">
      <Filter>Scene2D</Filter>
    </ClInclude>
    <ClInclude Include="Source\Scene2D\GUI_Scene2D.h">
      <Filter>Scene2D</Filter>
    </ClInclude>
    <ClInclude Include="Source\Scene2D\InventoryItem.h">
      <Filter>Scene2D</Filter>
    </ClInclude>
    <ClInclude Include="Source\Scene2D\InventoryManager.h">
      <Filter>Scene2D</Filter>
    </ClInclude>
    <ClInclude Include="Source\Scene2D\Physics2D.h">
      <Filter>Scene2D</Filter>
    </ClInclude>
    <ClInclude Include="Source\Scene2D\GameManager.h">
      <Filter>Scene2D</Filter>
    </ClInclude>
    <ClInclude Include="Source\SoundController\SoundController.h">
      <Filter>SoundController</Filter>
    </ClInclude>
    <ClInclude Include="Source\SoundController\SoundInfo.h">
      <Filter>SoundController</Filter>
    </ClInclude>
    <ClInclude Include="Source\Scene2D\Enemy2D.h">
      <Filter>Scene2D</Filter>
    </ClInclude>
    <ClInclude Include="Source\Scene2D\Monster2D.h">
      <Filter>Scene2D</Filter>
    </ClInclude>
    <ClInclude Include="Source\Scene2D\BackgroundEntity.h">
      <Filter>Scene2D</Filter>
    </ClInclude>
    <ClInclude Include="Source\GameStateManagement\GameStateBase.h">
      <Filter>GameStateManagement</Filter>
    </ClInclude>
    <ClInclude Include="Source\GameStateManagement\GameStateManager.h">
      <Filter>GameStateManagement</Filter>
    </ClInclude>
    <ClInclude Include="Source\GameStateManagement\IntroState.h">
      <Filter>GameStateManagement</Filter>
    </ClInclude>
    <ClInclude Include="Source\GameStateManagement\MenuState.h">
      <Filter>GameStateManagement</Filter>
    </ClInclude>
    <ClInclude Include="Source\GameStateManagement\PlayGameState.h">
      <Filter>GameStateManagement</Filter>
    </ClInclude>
    <ClInclude Include="Source\GameStateManagement\ControlState.h">
      <Filter>GameStateManagement</Filter>
    </ClInclude>
    <ClInclude Include="Source\GameStateManagement\AboutState.h">
      <Filter>GameStateManagement</Filter>
    </ClInclude>
    <ClInclude Include="Source\GameStateManagement\VictoryState.h">
      <Filter>GameStateManagement</Filter>
    </ClInclude>
    <ClInclude Include="Source\Scene2D\Enemy3.h">
      <Filter>Scene2D</Filter>
    </ClInclude>
    <ClInclude Include="Source\GameStateManagement\GameOverState.h">
      <Filter>GameStateManagement</Filter>
    </ClInclude>
  </ItemGroup>
</Project>